
Microsoft Visual Studio Solution File, Format Version 12.00
# Visual Studio Version 17
VisualStudioVersion = 17.3.32825.248
MinimumVisualStudioVersion = 10.0.40219.1
Project("{FAE04EC0-301F-11D3-BF4B-00C04F79EFBC}") = "Module2HW2", "Module2HW2.csproj", "{9EB3D035-CCB4-4ED0-AD77-AC02D27B6E1E}"
EndProject
Global
	GlobalSection(SolutionConfigurationPlatforms) = preSolution
		Debug|Any CPU = Debug|Any CPU
		Release|Any CPU = Release|Any CPU
	EndGlobalSection
	GlobalSection(ProjectConfigurationPlatforms) = postSolution
		{9EB3D035-CCB4-4ED0-AD77-AC02D27B6E1E}.Debug|Any CPU.ActiveCfg = Debug|Any CPU
		{9EB3D035-CCB4-4ED0-AD77-AC02D27B6E1E}.Debug|Any CPU.Build.0 = Debug|Any CPU
		{9EB3D035-CCB4-4ED0-AD77-AC02D27B6E1E}.Release|Any CPU.ActiveCfg = Release|Any CPU
		{9EB3D035-CCB4-4ED0-AD77-AC02D27B6E1E}.Release|Any CPU.Build.0 = Release|Any CPU
	EndGlobalSection
	GlobalSection(SolutionProperties) = preSolution
		HideSolutionNode = FALSE
	EndGlobalSection
	GlobalSection(ExtensibilityGlobals) = postSolution
		SolutionGuid = {19D6CEA7-2886-4121-8929-1E0B18452CB5}
	EndGlobalSection
EndGlobal
